
Microsoft Visual Studio Solution File, Format Version 12.00
# Visual Studio Version 17
VisualStudioVersion = 17.9.34616.47
MinimumVisualStudioVersion = 10.0.40219.1
Project("{FAE04EC0-301F-11D3-BF4B-00C04F79EFBC}") = "Backend", "Backend.csproj", "{B391BD73-2895-4B6F-9EE4-94AFF5F5012D}"
EndProject
Global
	GlobalSection(SolutionConfigurationPlatforms) = preSolution
		Debug|Any CPU = Debug|Any CPU
		Release|Any CPU = Release|Any CPU
	EndGlobalSection
	GlobalSection(ProjectConfigurationPlatforms) = postSolution
		{B391BD73-2895-4B6F-9EE4-94AFF5F5012D}.Debug|Any CPU.ActiveCfg = Debug|Any CPU
		{B391BD73-2895-4B6F-9EE4-94AFF5F5012D}.Debug|Any CPU.Build.0 = Debug|Any CPU
		{B391BD73-2895-4B6F-9EE4-94AFF5F5012D}.Release|Any CPU.ActiveCfg = Release|Any CPU
		{B391BD73-2895-4B6F-9EE4-94AFF5F5012D}.Release|Any CPU.Build.0 = Release|Any CPU
	EndGlobalSection
	GlobalSection(SolutionProperties) = preSolution
		HideSolutionNode = FALSE
	EndGlobalSection
	GlobalSection(ExtensibilityGlobals) = postSolution
		SolutionGuid = {E47990D8-373C-416E-B1A7-CF0BB82C7514}
	EndGlobalSection
EndGlobal
